
Microsoft Visual Studio Solution File, Format Version 12.00
# Visual Studio 15
VisualStudioVersion = 15.0.27130.2020
MinimumVisualStudioVersion = 10.0.40219.1
Project("{888888A0-9F3D-457C-B088-3A5042F75D52}") = "python_underwriting_guidelines", "python_underwriting_guidelines\python_underwriting_guidelines.pyproj", "{2AA4E43E-0A4F-4382-A522-536BF06DFA2E}"
EndProject
Global
	GlobalSection(SolutionConfigurationPlatforms) = preSolution
		Debug|Any CPU = Debug|Any CPU
		Release|Any CPU = Release|Any CPU
	EndGlobalSection
	GlobalSection(ProjectConfigurationPlatforms) = postSolution
		{2AA4E43E-0A4F-4382-A522-536BF06DFA2E}.Debug|Any CPU.ActiveCfg = Debug|Any CPU
		{2AA4E43E-0A4F-4382-A522-536BF06DFA2E}.Release|Any CPU.ActiveCfg = Release|Any CPU
	EndGlobalSection
	GlobalSection(SolutionProperties) = preSolution
		HideSolutionNode = FALSE
	EndGlobalSection
	GlobalSection(ExtensibilityGlobals) = postSolution
		SolutionGuid = {A34D970D-AE38-47A6-96A4-5862F61F8065}
	EndGlobalSection
EndGlobal
